// !$*UTF8*$!
{
	archiveVersion = 1;
	classes = {
	};
	objectVersion = 56;
	objects = {

/* Begin PBXBuildFile section */
		47D64B9C2C1BA3620067466F /* AppDelegate.swift in Sources */ = {isa = PBXBuildFile; fileRef = 47D64B9B2C1BA3620067466F /* AppDelegate.swift */; };
		47D64B9E2C1BA3630067466F /* GameScene.sks in Resources */ = {isa = PBXBuildFile; fileRef = 47D64B9D2C1BA3630067466F /* GameScene.sks */; };
		47D64BA02C1BA3630067466F /* Actions.sks in Resources */ = {isa = PBXBuildFile; fileRef = 47D64B9F2C1BA3630067466F /* Actions.sks */; };
		47D64BA22C1BA3630067466F /* GameScene.swift in Sources */ = {isa = PBXBuildFile; fileRef = 47D64BA12C1BA3630067466F /* GameScene.swift */; };
		47D64BA42C1BA3630067466F /* ViewController.swift in Sources */ = {isa = PBXBuildFile; fileRef = 47D64BA32C1BA3630067466F /* ViewController.swift */; };
		47D64BA62C1BA3660067466F /* Assets.xcassets in Resources */ = {isa = PBXBuildFile; fileRef = 47D64BA52C1BA3660067466F /* Assets.xcassets */; };
		47D64BA92C1BA3660067466F /* Base in Resources */ = {isa = PBXBuildFile; fileRef = 47D64BA82C1BA3660067466F /* Base */; };
		47D64BB42C1BA3660067466F /* GolfTests.swift in Sources */ = {isa = PBXBuildFile; fileRef = 47D64BB32C1BA3660067466F /* GolfTests.swift */; };
		47D64BBE2C1BA3660067466F /* GolfUITests.swift in Sources */ = {isa = PBXBuildFile; fileRef = 47D64BBD2C1BA3660067466F /* GolfUITests.swift */; };
		47D64BC02C1BA3660067466F /* GolfUITestsLaunchTests.swift in Sources */ = {isa = PBXBuildFile; fileRef = 47D64BBF2C1BA3660067466F /* GolfUITestsLaunchTests.swift */; };
/* End PBXBuildFile section */

/* Begin PBXContainerItemProxy section */
		47D64BB02C1BA3660067466F /* PBXContainerItemProxy */ = {
			isa = PBXContainerItemProxy;
			containerPortal = 47D64B902C1BA3620067466F /* Project object */;
			proxyType = 1;
			remoteGlobalIDString = 47D64B972C1BA3620067466F;
			remoteInfo = Golf;
		};
		47D64BBA2C1BA3660067466F /* PBXContainerItemProxy */ = {
			isa = PBXContainerItemProxy;
			containerPortal = 47D64B902C1BA3620067466F /* Project object */;
			proxyType = 1;
			remoteGlobalIDString = 47D64B972C1BA3620067466F;
			remoteInfo = Golf;
		};
/* End PBXContainerItemProxy section */

/* Begin PBXFileReference section */
		47D64B982C1BA3620067466F /* Golf.app */ = {isa = PBXFileReference; explicitFileType = wrapper.application; includeInIndex = 0; path = Golf.app; sourceTree = BUILT_PRODUCTS_DIR; };
		47D64B9B2C1BA3620067466F /* AppDelegate.swift */ = {isa = PBXFileReference; lastKnownFileType = sourcecode.swift; path = AppDelegate.swift; sourceTree = "<group>"; };
		47D64B9D2C1BA3630067466F /* GameScene.sks */ = {isa = PBXFileReference; lastKnownFileType = file.sks; path = GameScene.sks; sourceTree = "<group>"; };
		47D64B9F2C1BA3630067466F /* Actions.sks */ = {isa = PBXFileReference; lastKnownFileType = file.sks; path = Actions.sks; sourceTree = "<group>"; };
		47D64BA12C1BA3630067466F /* GameScene.swift */ = {isa = PBXFileReference; lastKnownFileType = sourcecode.swift; path = GameScene.swift; sourceTree = "<group>"; };
		47D64BA32C1BA3630067466F /* ViewController.swift */ = {isa = PBXFileReference; lastKnownFileType = sourcecode.swift; path = ViewController.swift; sourceTree = "<group>"; };
		47D64BA52C1BA3660067466F /* Assets.xcassets */ = {isa = PBXFileReference; lastKnownFileType = folder.assetcatalog; path = Assets.xcassets; sourceTree = "<group>"; };
		47D64BA82C1BA3660067466F /* Base */ = {isa = PBXFileReference; lastKnownFileType = file.storyboard; name = Base; path = Base.lproj/Main.storyboard; sourceTree = "<group>"; };
		47D64BAA2C1BA3660067466F /* Golf.entitlements */ = {isa = PBXFileReference; lastKnownFileType = text.plist.entitlements; path = Golf.entitlements; sourceTree = "<group>"; };
		47D64BAF2C1BA3660067466F /* GolfTests.xctest */ = {isa = PBXFileReference; explicitFileType = wrapper.cfbundle; includeInIndex = 0; path = GolfTests.xctest; sourceTree = BUILT_PRODUCTS_DIR; };
		47D64BB32C1BA3660067466F /* GolfTests.swift */ = {isa = PBXFileReference; lastKnownFileType = sourcecode.swift; path = GolfTests.swift; sourceTree = "<group>"; };
		47D64BB92C1BA3660067466F /* GolfUITests.xctest */ = {isa = PBXFileReference; explicitFileType = wrapper.cfbundle; includeInIndex = 0; path = GolfUITests.xctest; sourceTree = BUILT_PRODUCTS_DIR; };
		47D64BBD2C1BA3660067466F /* GolfUITests.swift */ = {isa = PBXFileReference; lastKnownFileType = sourcecode.swift; path = GolfUITests.swift; sourceTree = "<group>"; };
		47D64BBF2C1BA3660067466F /* GolfUITestsLaunchTests.swift */ = {isa = PBXFileReference; lastKnownFileType = sourcecode.swift; path = GolfUITestsLaunchTests.swift; sourceTree = "<group>"; };
/* End PBXFileReference section */

/* Begin PBXFrameworksBuildPhase section */
		47D64B952C1BA3620067466F /* Frameworks */ = {
			isa = PBXFrameworksBuildPhase;
			buildActionMask = 2147483647;
			files = (
			);
			runOnlyForDeploymentPostprocessing = 0;
		};
		47D64BAC2C1BA3660067466F /* Frameworks */ = {
			isa = PBXFrameworksBuildPhase;
			buildActionMask = 2147483647;
			files = (
			);
			runOnlyForDeploymentPostprocessing = 0;
		};
		47D64BB62C1BA3660067466F /* Frameworks */ = {
			isa = PBXFrameworksBuildPhase;
			buildActionMask = 2147483647;
			files = (
			);
			runOnlyForDeploymentPostprocessing = 0;
		};
/* End PBXFrameworksBuildPhase section */

/* Begin PBXGroup section */
		47D64B8F2C1BA3620067466F = {
			isa = PBXGroup;
			children = (
				47D64B9A2C1BA3620067466F /* Golf */,
				47D64BB22C1BA3660067466F /* GolfTests */,
				47D64BBC2C1BA3660067466F /* GolfUITests */,
				47D64B992C1BA3620067466F /* Products */,
			);
			sourceTree = "<group>";
		};
		47D64B992C1BA3620067466F /* Products */ = {
			isa = PBXGroup;
			children = (
				47D64B982C1BA3620067466F /* Golf.app */,
				47D64BAF2C1BA3660067466F /* GolfTests.xctest */,
				47D64BB92C1BA3660067466F /* GolfUITests.xctest */,
			);
			name = Products;
			sourceTree = "<group>";
		};
		47D64B9A2C1BA3620067466F /* Golf */ = {
			isa = PBXGroup;
			children = (
				47D64B9B2C1BA3620067466F /* AppDelegate.swift */,
				47D64B9D2C1BA3630067466F /* GameScene.sks */,
				47D64B9F2C1BA3630067466F /* Actions.sks */,
				47D64BA12C1BA3630067466F /* GameScene.swift */,
				47D64BA32C1BA3630067466F /* ViewController.swift */,
				47D64BA52C1BA3660067466F /* Assets.xcassets */,
				47D64BA72C1BA3660067466F /* Main.storyboard */,
				47D64BAA2C1BA3660067466F /* Golf.entitlements */,
			);
			path = Golf;
			sourceTree = "<group>";
		};
		47D64BB22C1BA3660067466F /* GolfTests */ = {
			isa = PBXGroup;
			children = (
				47D64BB32C1BA3660067466F /* GolfTests.swift */,
			);
			path = GolfTests;
			sourceTree = "<group>";
		};
		47D64BBC2C1BA3660067466F /* GolfUITests */ = {
			isa = PBXGroup;
			children = (
				47D64BBD2C1BA3660067466F /* GolfUITests.swift */,
				47D64BBF2C1BA3660067466F /* GolfUITestsLaunchTests.swift */,
			);
			path = GolfUITests;
			sourceTree = "<group>";
		};
/* End PBXGroup section */

/* Begin PBXNativeTarget section */
		47D64B972C1BA3620067466F /* Golf */ = {
			isa = PBXNativeTarget;
			buildConfigurationList = 47D64BC32C1BA3660067466F /* Build configuration list for PBXNativeTarget "Golf" */;
			buildPhases = (
				47D64B942C1BA3620067466F /* Sources */,
				47D64B952C1BA3620067466F /* Frameworks */,
				47D64B962C1BA3620067466F /* Resources */,
			);
			buildRules = (
			);
			dependencies = (
			);
			name = Golf;
			productName = Golf;
			productReference = 47D64B982C1BA3620067466F /* Golf.app */;
			productType = "com.apple.product-type.application";
		};
		47D64BAE2C1BA3660067466F /* GolfTests */ = {
			isa = PBXNativeTarget;
			buildConfigurationList = 47D64BC62C1BA3660067466F /* Build configuration list for PBXNativeTarget "GolfTests" */;
			buildPhases = (
				47D64BAB2C1BA3660067466F /* Sources */,
				47D64BAC2C1BA3660067466F /* Frameworks */,
				47D64BAD2C1BA3660067466F /* Resources */,
			);
			buildRules = (
			);
			dependencies = (
				47D64BB12C1BA3660067466F /* PBXTargetDependency */,
			);
			name = GolfTests;
			productName = GolfTests;
			productReference = 47D64BAF2C1BA3660067466F /* GolfTests.xctest */;
			productType = "com.apple.product-type.bundle.unit-test";
		};
		47D64BB82C1BA3660067466F /* GolfUITests */ = {
			isa = PBXNativeTarget;
			buildConfigurationList = 47D64BC92C1BA3660067466F /* Build configuration list for PBXNativeTarget "GolfUITests" */;
			buildPhases = (
				47D64BB52C1BA3660067466F /* Sources */,
				47D64BB62C1BA3660067466F /* Frameworks */,
				47D64BB72C1BA3660067466F /* Resources */,
			);
			buildRules = (
			);
			dependencies = (
				47D64BBB2C1BA3660067466F /* PBXTargetDependency */,
			);
			name = GolfUITests;
			productName = GolfUITests;
			productReference = 47D64BB92C1BA3660067466F /* GolfUITests.xctest */;
			productType = "com.apple.product-type.bundle.ui-testing";
		};
/* End PBXNativeTarget section */

/* Begin PBXProject section */
		47D64B902C1BA3620067466F /* Project object */ = {
			isa = PBXProject;
			attributes = {
				BuildIndependentTargetsInParallel = 1;
				LastSwiftUpdateCheck = 1540;
				LastUpgradeCheck = 1540;
				TargetAttributes = {
					47D64B972C1BA3620067466F = {
						CreatedOnToolsVersion = 15.4;
					};
					47D64BAE2C1BA3660067466F = {
						CreatedOnToolsVersion = 15.4;
						TestTargetID = 47D64B972C1BA3620067466F;
					};
					47D64BB82C1BA3660067466F = {
						CreatedOnToolsVersion = 15.4;
						TestTargetID = 47D64B972C1BA3620067466F;
					};
				};
			};
			buildConfigurationList = 47D64B932C1BA3620067466F /* Build configuration list for PBXProject "Golf" */;
			compatibilityVersion = "Xcode 14.0";
			developmentRegion = en;
			hasScannedForEncodings = 0;
			knownRegions = (
				en,
				Base,
			);
			mainGroup = 47D64B8F2C1BA3620067466F;
			productRefGroup = 47D64B992C1BA3620067466F /* Products */;
			projectDirPath = "";
			projectRoot = "";
			targets = (
				47D64B972C1BA3620067466F /* Golf */,
				47D64BAE2C1BA3660067466F /* GolfTests */,
				47D64BB82C1BA3660067466F /* GolfUITests */,
			);
		};
/* End PBXProject section */

/* Begin PBXResourcesBuildPhase section */
		47D64B962C1BA3620067466F /* Resources */ = {
			isa = PBXResourcesBuildPhase;
			buildActionMask = 2147483647;
			files = (
				47D64B9E2C1BA3630067466F /* GameScene.sks in Resources */,
				47D64BA62C1BA3660067466F /* Assets.xcassets in Resources */,
				47D64BA02C1BA3630067466F /* Actions.sks in Resources */,
				47D64BA92C1BA3660067466F /* Base in Resources */,
			);
			runOnlyForDeploymentPostprocessing = 0;
		};
		47D64BAD2C1BA3660067466F /* Resources */ = {
			isa = PBXResourcesBuildPhase;
			buildActionMask = 2147483647;
			files = (
			);
			runOnlyForDeploymentPostprocessing = 0;
		};
		47D64BB72C1BA3660067466F /* Resources */ = {
			isa = PBXResourcesBuildPhase;
			buildActionMask = 2147483647;
			files = (
			);
			runOnlyForDeploymentPostprocessing = 0;
		};
/* End PBXResourcesBuildPhase section */

/* Begin PBXSourcesBuildPhase section */
		47D64B942C1BA3620067466F /* Sources */ = {
			isa = PBXSourcesBuildPhase;
			buildActionMask = 2147483647;
			files = (
				47D64BA42C1BA3630067466F /* ViewController.swift in Sources */,
				47D64BA22C1BA3630067466F /* GameScene.swift in Sources */,
				47D64B9C2C1BA3620067466F /* AppDelegate.swift in Sources */,
			);
			runOnlyForDeploymentPostprocessing = 0;
		};
		47D64BAB2C1BA3660067466F /* Sources */ = {
			isa = PBXSourcesBuildPhase;
			buildActionMask = 2147483647;
			files = (
				47D64BB42C1BA3660067466F /* GolfTests.swift in Sources */,
			);
			runOnlyForDeploymentPostprocessing = 0;
		};
		47D64BB52C1BA3660067466F /* Sources */ = {
			isa = PBXSourcesBuildPhase;
			buildActionMask = 2147483647;
			files = (
				47D64BC02C1BA3660067466F /* GolfUITestsLaunchTests.swift in Sources */,
				47D64BBE2C1BA3660067466F /* GolfUITests.swift in Sources */,
			);
			runOnlyForDeploymentPostprocessing = 0;
		};
/* End PBXSourcesBuildPhase section */

/* Begin PBXTargetDependency section */
		47D64BB12C1BA3660067466F /* PBXTargetDependency */ = {
			isa = PBXTargetDependency;
			target = 47D64B972C1BA3620067466F /* Golf */;
			targetProxy = 47D64BB02C1BA3660067466F /* PBXContainerItemProxy */;
		};
		47D64BBB2C1BA3660067466F /* PBXTargetDependency */ = {
			isa = PBXTargetDependency;
			target = 47D64B972C1BA3620067466F /* Golf */;
			targetProxy = 47D64BBA2C1BA3660067466F /* PBXContainerItemProxy */;
		};
/* End PBXTargetDependency section */

/* Begin PBXVariantGroup section */
		47D64BA72C1BA3660067466F /* Main.storyboard */ = {
			isa = PBXVariantGroup;
			children = (
				47D64BA82C1BA3660067466F /* Base */,
			);
			name = Main.storyboard;
			sourceTree = "<group>";
		};
/* End PBXVariantGroup section */

/* Begin XCBuildConfiguration section */
		47D64BC12C1BA3660067466F /* Debug */ = {
			isa = XCBuildConfiguration;
			buildSettings = {
				ALWAYS_SEARCH_USER_PATHS = NO;
				ASSETCATALOG_COMPILER_GENERATE_SWIFT_ASSET_SYMBOL_EXTENSIONS = YES;
				CLANG_ANALYZER_NONNULL = YES;
				CLANG_ANALYZER_NUMBER_OBJECT_CONVERSION = YES_AGGRESSIVE;
				CLANG_CXX_LANGUAGE_STANDARD = "gnu++20";
				CLANG_ENABLE_MODULES = YES;
				CLANG_ENABLE_OBJC_ARC = YES;
				CLANG_ENABLE_OBJC_WEAK = YES;
				CLANG_WARN_BLOCK_CAPTURE_AUTORELEASING = YES;
				CLANG_WARN_BOOL_CONVERSION = YES;
				CLANG_WARN_COMMA = YES;
				CLANG_WARN_CONSTANT_CONVERSION = YES;
				CLANG_WARN_DEPRECATED_OBJC_IMPLEMENTATIONS = YES;
				CLANG_WARN_DIRECT_OBJC_ISA_USAGE = YES_ERROR;
				CLANG_WARN_DOCUMENTATION_COMMENTS = YES;
				CLANG_WARN_EMPTY_BODY = YES;
				CLANG_WARN_ENUM_CONVERSION = YES;
				CLANG_WARN_INFINITE_RECURSION = YES;
				CLANG_WARN_INT_CONVERSION = YES;
				CLANG_WARN_NON_LITERAL_NULL_CONVERSION = YES;
				CLANG_WARN_OBJC_IMPLICIT_RETAIN_SELF = YES;
				CLANG_WARN_OBJC_LITERAL_CONVERSION = YES;
				CLANG_WARN_OBJC_ROOT_CLASS = YES_ERROR;
				CLANG_WARN_QUOTED_INCLUDE_IN_FRAMEWORK_HEADER = YES;
				CLANG_WARN_RANGE_LOOP_ANALYSIS = YES;
				CLANG_WARN_STRICT_PROTOTYPES = YES;
				CLANG_WARN_SUSPICIOUS_MOVE = YES;
				CLANG_WARN_UNGUARDED_AVAILABILITY = YES_AGGRESSIVE;
				CLANG_WARN_UNREACHABLE_CODE = YES;
				CLANG_WARN__DUPLICATE_METHOD_MATCH = YES;
				COPY_PHASE_STRIP = NO;
				DEBUG_INFORMATION_FORMAT = dwarf;
				ENABLE_STRICT_OBJC_MSGSEND = YES;
				ENABLE_TESTABILITY = YES;
				ENABLE_USER_SCRIPT_SANDBOXING = YES;
				GCC_C_LANGUAGE_STANDARD = gnu17;
				GCC_DYNAMIC_NO_PIC = NO;
				GCC_NO_COMMON_BLOCKS = YES;
				GCC_OPTIMIZATION_LEVEL = 0;
				GCC_PREPROCESSOR_DEFINITIONS = (
					"DEBUG=1",
					"$(inherited)",
				);
				GCC_WARN_64_TO_32_BIT_CONVERSION = YES;
				GCC_WARN_ABOUT_RETURN_TYPE = YES_ERROR;
				GCC_WARN_UNDECLARED_SELECTOR = YES;
				GCC_WARN_UNINITIALIZED_AUTOS = YES_AGGRESSIVE;
				GCC_WARN_UNUSED_FUNCTION = YES;
				GCC_WARN_UNUSED_VARIABLE = YES;
				LOCALIZATION_PREFERS_STRING_CATALOGS = YES;
				MACOSX_DEPLOYMENT_TARGET = 14.4;
				MTL_ENABLE_DEBUG_INFO = INCLUDE_SOURCE;
				MTL_FAST_MATH = YES;
				ONLY_ACTIVE_ARCH = YES;
				SDKROOT = macosx;
				SWIFT_ACTIVE_COMPILATION_CONDITIONS = "DEBUG $(inherited)";
				SWIFT_OPTIMIZATION_LEVEL = "-Onone";
			};
			name = Debug;
		};
		47D64BC22C1BA3660067466F /* Release */ = {
			isa = XCBuildConfiguration;
			buildSettings = {
				ALWAYS_SEARCH_USER_PATHS = NO;
				ASSETCATALOG_COMPILER_GENERATE_SWIFT_ASSET_SYMBOL_EXTENSIONS = YES;
				CLANG_ANALYZER_NONNULL = YES;
				CLANG_ANALYZER_NUMBER_OBJECT_CONVERSION = YES_AGGRESSIVE;
				CLANG_CXX_LANGUAGE_STANDARD = "gnu++20";
				CLANG_ENABLE_MODULES = YES;
				CLANG_ENABLE_OBJC_ARC = YES;
				CLANG_ENABLE_OBJC_WEAK = YES;
				CLANG_WARN_BLOCK_CAPTURE_AUTORELEASING = YES;
				CLANG_WARN_BOOL_CONVERSION = YES;
				CLANG_WARN_COMMA = YES;
				CLANG_WARN_CONSTANT_CONVERSION = YES;
				CLANG_WARN_DEPRECATED_OBJC_IMPLEMENTATIONS = YES;
				CLANG_WARN_DIRECT_OBJC_ISA_USAGE = YES_ERROR;
				CLANG_WARN_DOCUMENTATION_COMMENTS = YES;
				CLANG_WARN_EMPTY_BODY = YES;
				CLANG_WARN_ENUM_CONVERSION = YES;
				CLANG_WARN_INFINITE_RECURSION = YES;
				CLANG_WARN_INT_CONVERSION = YES;
				CLANG_WARN_NON_LITERAL_NULL_CONVERSION = YES;
				CLANG_WARN_OBJC_IMPLICIT_RETAIN_SELF = YES;
				CLANG_WARN_OBJC_LITERAL_CONVERSION = YES;
				CLANG_WARN_OBJC_ROOT_CLASS = YES_ERROR;
				CLANG_WARN_QUOTED_INCLUDE_IN_FRAMEWORK_HEADER = YES;
				CLANG_WARN_RANGE_LOOP_ANALYSIS = YES;
				CLANG_WARN_STRICT_PROTOTYPES = YES;
				CLANG_WARN_SUSPICIOUS_MOVE = YES;
				CLANG_WARN_UNGUARDED_AVAILABILITY = YES_AGGRESSIVE;
				CLANG_WARN_UNREACHABLE_CODE = YES;
				CLANG_WARN__DUPLICATE_METHOD_MATCH = YES;
				COPY_PHASE_STRIP = NO;
				DEBUG_INFORMATION_FORMAT = "dwarf-with-dsym";
				ENABLE_NS_ASSERTIONS = NO;
				ENABLE_STRICT_OBJC_MSGSEND = YES;
				ENABLE_USER_SCRIPT_SANDBOXING = YES;
				GCC_C_LANGUAGE_STANDARD = gnu17;
				GCC_NO_COMMON_BLOCKS = YES;
				GCC_WARN_64_TO_32_BIT_CONVERSION = YES;
				GCC_WARN_ABOUT_RETURN_TYPE = YES_ERROR;
				GCC_WARN_UNDECLARED_SELECTOR = YES;
				GCC_WARN_UNINITIALIZED_AUTOS = YES_AGGRESSIVE;
				GCC_WARN_UNUSED_FUNCTION = YES;
				GCC_WARN_UNUSED_VARIABLE = YES;
				LOCALIZATION_PREFERS_STRING_CATALOGS = YES;
				MACOSX_DEPLOYMENT_TARGET = 14.4;
				MTL_ENABLE_DEBUG_INFO = NO;
				MTL_FAST_MATH = YES;
				SDKROOT = macosx;
				SWIFT_COMPILATION_MODE = wholemodule;
			};
			name = Release;
		};
		47D64BC42C1BA3660067466F /* Debug */ = {
			isa = XCBuildConfiguration;
			buildSettings = {
				ASSETCATALOG_COMPILER_APPICON_NAME = AppIcon;
				ASSETCATALOG_COMPILER_GLOBAL_ACCENT_COLOR_NAME = AccentColor;
				CODE_SIGN_ENTITLEMENTS = Golf/Golf.entitlements;
				CODE_SIGN_STYLE = Automatic;
				COMBINE_HIDPI_IMAGES = YES;
				CURRENT_PROJECT_VERSION = 1;
				DEVELOPMENT_TEAM = 6872747Y9J;
				ENABLE_HARDENED_RUNTIME = YES;
				GENERATE_INFOPLIST_FILE = YES;
				INFOPLIST_KEY_NSHumanReadableCopyright = "";
				INFOPLIST_KEY_NSMainStoryboardFile = Main;
				INFOPLIST_KEY_NSPrincipalClass = NSApplication;
				LD_RUNPATH_SEARCH_PATHS = (
					"$(inherited)",
					"@executable_path/../Frameworks",
				);
				MARKETING_VERSION = 1.0;
				PRODUCT_BUNDLE_IDENTIFIER = com.garr.Golf;
				PRODUCT_NAME = "$(TARGET_NAME)";
				SWIFT_EMIT_LOC_STRINGS = YES;
				SWIFT_VERSION = 5.0;
			};
			name = Debug;
		};
		47D64BC52C1BA3660067466F /* Release */ = {
			isa = XCBuildConfiguration;
			buildSettings = {
				ASSETCATALOG_COMPILER_APPICON_NAME = AppIcon;
				ASSETCATALOG_COMPILER_GLOBAL_ACCENT_COLOR_NAME = AccentColor;
				CODE_SIGN_ENTITLEMENTS = Golf/Golf.entitlements;
				CODE_SIGN_STYLE = Automatic;
				COMBINE_HIDPI_IMAGES = YES;
				CURRENT_PROJECT_VERSION = 1;
				DEVELOPMENT_TEAM = 6872747Y9J;
				ENABLE_HARDENED_RUNTIME = YES;
				GENERATE_INFOPLIST_FILE = YES;
				INFOPLIST_KEY_NSHumanReadableCopyright = "";
				INFOPLIST_KEY_NSMainStoryboardFile = Main;
				INFOPLIST_KEY_NSPrincipalClass = NSApplication;
				LD_RUNPATH_SEARCH_PATHS = (
					"$(inherited)",
					"@executable_path/../Frameworks",
				);
				MARKETING_VERSION = 1.0;
				PRODUCT_BUNDLE_IDENTIFIER = com.garr.Golf;
				PRODUCT_NAME = "$(TARGET_NAME)";
				SWIFT_EMIT_LOC_STRINGS = YES;
				SWIFT_VERSION = 5.0;
			};
			name = Release;
		};
		47D64BC72C1BA3660067466F /* Debug */ = {
			isa = XCBuildConfiguration;
			buildSettings = {
				ALWAYS_EMBED_SWIFT_STANDARD_LIBRARIES = YES;
				BUNDLE_LOADER = "$(TEST_HOST)";
				CODE_SIGN_STYLE = Automatic;
				CURRENT_PROJECT_VERSION = 1;
				DEVELOPMENT_TEAM = 6872747Y9J;
				GENERATE_INFOPLIST_FILE = YES;
				MACOSX_DEPLOYMENT_TARGET = 14.4;
				MARKETING_VERSION = 1.0;
				PRODUCT_BUNDLE_IDENTIFIER = com.garr.GolfTests;
				PRODUCT_NAME = "$(TARGET_NAME)";
				SWIFT_EMIT_LOC_STRINGS = NO;
				SWIFT_VERSION = 5.0;
				TEST_HOST = "$(BUILT_PRODUCTS_DIR)/Golf.app/$(BUNDLE_EXECUTABLE_FOLDER_PATH)/Golf";
			};
			name = Debug;
		};
		47D64BC82C1BA3660067466F /* Release */ = {
			isa = XCBuildConfiguration;
			buildSettings = {
				ALWAYS_EMBED_SWIFT_STANDARD_LIBRARIES = YES;
				BUNDLE_LOADER = "$(TEST_HOST)";
				CODE_SIGN_STYLE = Automatic;
				CURRENT_PROJECT_VERSION = 1;
				DEVELOPMENT_TEAM = 6872747Y9J;
				GENERATE_INFOPLIST_FILE = YES;
				MACOSX_DEPLOYMENT_TARGET = 14.4;
				MARKETING_VERSION = 1.0;
				PRODUCT_BUNDLE_IDENTIFIER = com.garr.GolfTests;
				PRODUCT_NAME = "$(TARGET_NAME)";
				SWIFT_EMIT_LOC_STRINGS = NO;
				SWIFT_VERSION = 5.0;
				TEST_HOST = "$(BUILT_PRODUCTS_DIR)/Golf.app/$(BUNDLE_EXECUTABLE_FOLDER_PATH)/Golf";
			};
			name = Release;
		};
		47D64BCA2C1BA3660067466F /* Debug */ = {
			isa = XCBuildConfiguration;
			buildSettings = {
				ALWAYS_EMBED_SWIFT_STANDARD_LIBRARIES = YES;
				CODE_SIGN_STYLE = Automatic;
				CURRENT_PROJECT_VERSION = 1;
				DEVELOPMENT_TEAM = 6872747Y9J;
				GENERATE_INFOPLIST_FILE = YES;
				MARKETING_VERSION = 1.0;
				PRODUCT_BUNDLE_IDENTIFIER = com.garr.GolfUITests;
				PRODUCT_NAME = "$(TARGET_NAME)";
				SWIFT_EMIT_LOC_STRINGS = NO;
				SWIFT_VERSION = 5.0;
				TEST_TARGET_NAME = Golf;
			};
			name = Debug;
		};
		47D64BCB2C1BA3660067466F /* Release */ = {
			isa = XCBuildConfiguration;
			buildSettings = {
				ALWAYS_EMBED_SWIFT_STANDARD_LIBRARIES = YES;
				CODE_SIGN_STYLE = Automatic;
				CURRENT_PROJECT_VERSION = 1;
				DEVELOPMENT_TEAM = 6872747Y9J;
				GENERATE_INFOPLIST_FILE = YES;
				MARKETING_VERSION = 1.0;
				PRODUCT_BUNDLE_IDENTIFIER = com.garr.GolfUITests;
				PRODUCT_NAME = "$(TARGET_NAME)";
				SWIFT_EMIT_LOC_STRINGS = NO;
				SWIFT_VERSION = 5.0;
				TEST_TARGET_NAME = Golf;
			};
			name = Release;
		};
/* End XCBuildConfiguration section */

/* Begin XCConfigurationList section */
		47D64B932C1BA3620067466F /* Build configuration list for PBXProject "Golf" */ = {
			isa = XCConfigurationList;
			buildConfigurations = (
				47D64BC12C1BA3660067466F /* Debug */,
				47D64BC22C1BA3660067466F /* Release */,
			);
			defaultConfigurationIsVisible = 0;
			defaultConfigurationName = Release;
		};
		47D64BC32C1BA3660067466F /* Build configuration list for PBXNativeTarget "Golf" */ = {
			isa = XCConfigurationList;
			buildConfigurations = (
				47D64BC42C1BA3660067466F /* Debug */,
				47D64BC52C1BA3660067466F /* Release */,
			);
			defaultConfigurationIsVisible = 0;
			defaultConfigurationName = Release;
		};
		47D64BC62C1BA3660067466F /* Build configuration list for PBXNativeTarget "GolfTests" */ = {
			isa = XCConfigurationList;
			buildConfigurations = (
				47D64BC72C1BA3660067466F /* Debug */,
				47D64BC82C1BA3660067466F /* Release */,
			);
			defaultConfigurationIsVisible = 0;
			defaultConfigurationName = Release;
		};
		47D64BC92C1BA3660067466F /* Build configuration list for PBXNativeTarget "GolfUITests" */ = {
			isa = XCConfigurationList;
			buildConfigurations = (
				47D64BCA2C1BA3660067466F /* Debug */,
				47D64BCB2C1BA3660067466F /* Release */,
			);
			defaultConfigurationIsVisible = 0;
			defaultConfigurationName = Release;
		};
/* End XCConfigurationList section */
	};
	rootObject = 47D64B902C1BA3620067466F /* Project object */;
}
